
Microsoft Visual Studio Solution File, Format Version 12.00
# Visual Studio Version 16
VisualStudioVersion = 16.0.31205.134
MinimumVisualStudioVersion = 10.0.40219.1
Project("{D2ABAB84-BF74-430A-B69E-9DC6D40DDA17}") = "kpi1", "kpi1.dwproj", "{0C41675E-02E3-410F-BFCA-DF110EDCE8B4}"
EndProject
Global
	GlobalSection(SolutionConfigurationPlatforms) = preSolution
		Development|Default = Development|Default
	EndGlobalSection
	GlobalSection(ProjectConfigurationPlatforms) = postSolution
		{0C41675E-02E3-410F-BFCA-DF110EDCE8B4}.Development|Default.ActiveCfg = Development
		{0C41675E-02E3-410F-BFCA-DF110EDCE8B4}.Development|Default.Build.0 = Development
		{0C41675E-02E3-410F-BFCA-DF110EDCE8B4}.Development|Default.Deploy.0 = Development
	EndGlobalSection
	GlobalSection(SolutionProperties) = preSolution
		HideSolutionNode = FALSE
	EndGlobalSection
	GlobalSection(ExtensibilityGlobals) = postSolution
		SolutionGuid = {F37360F9-1E5A-4FE9-81A8-1ED3934E4731}
	EndGlobalSection
EndGlobal
